
Microsoft Visual Studio Solution File, Format Version 12.00
# Visual Studio 15
VisualStudioVersion = 15.0.28307.1525
MinimumVisualStudioVersion = 10.0.40219.1
Project("{FAE04EC0-301F-11D3-BF4B-00C04F79EFBC}") = "prep-exam2", "prep-exam2\prep-exam2.csproj", "{A6A5E910-662D-4439-B2E4-98DBBC15D794}"
EndProject
Global
	GlobalSection(SolutionConfigurationPlatforms) = preSolution
		Debug|Any CPU = Debug|Any CPU
		Release|Any CPU = Release|Any CPU
	EndGlobalSection
	GlobalSection(ProjectConfigurationPlatforms) = postSolution
		{A6A5E910-662D-4439-B2E4-98DBBC15D794}.Debug|Any CPU.ActiveCfg = Debug|Any CPU
		{A6A5E910-662D-4439-B2E4-98DBBC15D794}.Debug|Any CPU.Build.0 = Debug|Any CPU
		{A6A5E910-662D-4439-B2E4-98DBBC15D794}.Release|Any CPU.ActiveCfg = Release|Any CPU
		{A6A5E910-662D-4439-B2E4-98DBBC15D794}.Release|Any CPU.Build.0 = Release|Any CPU
	EndGlobalSection
	GlobalSection(SolutionProperties) = preSolution
		HideSolutionNode = FALSE
	EndGlobalSection
	GlobalSection(ExtensibilityGlobals) = postSolution
		SolutionGuid = {D68E2B43-4D64-43EF-B92D-49448E44F840}
	EndGlobalSection
EndGlobal
